
Microsoft Visual Studio Solution File, Format Version 11.00
# Visual Studio 2010
Project("{FAE04EC0-301F-11D3-BF4B-00C04F79EFBC}") = "LON", "LON\LON.csproj", "{3D1872A9-D31A-4AD2-BB02-B6479E0A3033}"
EndProject
Project("{FAE04EC0-301F-11D3-BF4B-00C04F79EFBC}") = "LONCustomControl", "LONCustomControl\LONCustomControl.csproj", "{8D0FA80F-AFBC-47B8-9FE3-9A02DC9EFE0B}"
EndProject
Global
	GlobalSection(SolutionConfigurationPlatforms) = preSolution
		Debug|Any CPU = Debug|Any CPU
		Release|Any CPU = Release|Any CPU
	EndGlobalSection
	GlobalSection(ProjectConfigurationPlatforms) = postSolution
		{3D1872A9-D31A-4AD2-BB02-B6479E0A3033}.Debug|Any CPU.ActiveCfg = Debug|Any CPU
		{3D1872A9-D31A-4AD2-BB02-B6479E0A3033}.Debug|Any CPU.Build.0 = Debug|Any CPU
		{3D1872A9-D31A-4AD2-BB02-B6479E0A3033}.Release|Any CPU.ActiveCfg = Release|Any CPU
		{3D1872A9-D31A-4AD2-BB02-B6479E0A3033}.Release|Any CPU.Build.0 = Release|Any CPU
		{8D0FA80F-AFBC-47B8-9FE3-9A02DC9EFE0B}.Debug|Any CPU.ActiveCfg = Debug|Any CPU
		{8D0FA80F-AFBC-47B8-9FE3-9A02DC9EFE0B}.Debug|Any CPU.Build.0 = Debug|Any CPU
		{8D0FA80F-AFBC-47B8-9FE3-9A02DC9EFE0B}.Release|Any CPU.ActiveCfg = Release|Any CPU
		{8D0FA80F-AFBC-47B8-9FE3-9A02DC9EFE0B}.Release|Any CPU.Build.0 = Release|Any CPU
	EndGlobalSection
	GlobalSection(SolutionProperties) = preSolution
		HideSolutionNode = FALSE
	EndGlobalSection
EndGlobal
